
Microsoft Visual Studio Solution File, Format Version 12.00
# Visual Studio Version 17
VisualStudioVersion = 17.7.34024.191
MinimumVisualStudioVersion = 10.0.40219.1
Project("{9A19103F-16F7-4668-BE54-9A1E7A4F7556}") = "Intuit_Entrevista", "Intuit_Entrevista.csproj", "{D0C29245-A3EA-4BEF-BDEB-3A0D76FC70CD}"
EndProject
Global
	GlobalSection(SolutionConfigurationPlatforms) = preSolution
		Debug|Any CPU = Debug|Any CPU
		Release|Any CPU = Release|Any CPU
	EndGlobalSection
	GlobalSection(ProjectConfigurationPlatforms) = postSolution
		{D0C29245-A3EA-4BEF-BDEB-3A0D76FC70CD}.Debug|Any CPU.ActiveCfg = Debug|Any CPU
		{D0C29245-A3EA-4BEF-BDEB-3A0D76FC70CD}.Debug|Any CPU.Build.0 = Debug|Any CPU
		{D0C29245-A3EA-4BEF-BDEB-3A0D76FC70CD}.Release|Any CPU.ActiveCfg = Release|Any CPU
		{D0C29245-A3EA-4BEF-BDEB-3A0D76FC70CD}.Release|Any CPU.Build.0 = Release|Any CPU
	EndGlobalSection
	GlobalSection(SolutionProperties) = preSolution
		HideSolutionNode = FALSE
	EndGlobalSection
	GlobalSection(ExtensibilityGlobals) = postSolution
		SolutionGuid = {6954AB9B-DCF2-4736-8A8A-FA024C8BFC6E}
	EndGlobalSection
EndGlobal
